
Microsoft Visual Studio Solution File, Format Version 12.00
# Visual Studio Version 16
VisualStudioVersion = 16.0.810.8
MinimumVisualStudioVersion = 10.0.40219.1
Project("{FAE04EC0-301F-11D3-BF4B-00C04F79EFBC}") = "Elevator", "Elevator\Elevator.csproj", "{14ED8776-B0EB-4F9B-A90D-28CB7048D979}"
EndProject
Project("{FAE04EC0-301F-11D3-BF4B-00C04F79EFBC}") = "ElevatorTests", "ElevatorTests\ElevatorTests.csproj", "{CDD93860-C970-4381-A9F4-61881FAEDDA2}"
EndProject
Project("{FAE04EC0-301F-11D3-BF4B-00C04F79EFBC}") = "CSVFile", "CSVFile\CSVFile.csproj", "{34D94572-3A48-414E-BA9C-937C51E8D5B2}"
EndProject
Project("{FAE04EC0-301F-11D3-BF4B-00C04F79EFBC}") = "Passenger", "Passenger\Passenger.csproj", "{8CF28B70-D49D-417A-99C5-C4D19699ED07}"
EndProject
Project("{FAE04EC0-301F-11D3-BF4B-00C04F79EFBC}") = "PassengerTests", "PassengerTests\PassengerTests.csproj", "{4A18BB28-19F7-471D-80F5-428B4957DDE3}"
EndProject
Project("{FAE04EC0-301F-11D3-BF4B-00C04F79EFBC}") = "CSVFileTests", "CSVFileTests\CSVFileTests.csproj", "{BCD3DC61-9A40-4478-BCA7-DE865C8BC4C0}"
EndProject
Project("{FAE04EC0-301F-11D3-BF4B-00C04F79EFBC}") = "Simulation", "Simulation\Simulation.csproj", "{9EFD014C-1CCE-4C75-A7FD-0FD51E047078}"
EndProject
Project("{FAE04EC0-301F-11D3-BF4B-00C04F79EFBC}") = "SimulationTest", "SImulationTest\SImulationTest.csproj", "{9505AC65-DCF4-45E6-825F-86B786069758}"
EndProject
Global
	GlobalSection(SolutionConfigurationPlatforms) = preSolution
		Debug|Any CPU = Debug|Any CPU
		Release|Any CPU = Release|Any CPU
	EndGlobalSection
	GlobalSection(ProjectConfigurationPlatforms) = postSolution
		{14ED8776-B0EB-4F9B-A90D-28CB7048D979}.Debug|Any CPU.ActiveCfg = Debug|Any CPU
		{14ED8776-B0EB-4F9B-A90D-28CB7048D979}.Debug|Any CPU.Build.0 = Debug|Any CPU
		{14ED8776-B0EB-4F9B-A90D-28CB7048D979}.Release|Any CPU.ActiveCfg = Release|Any CPU
		{14ED8776-B0EB-4F9B-A90D-28CB7048D979}.Release|Any CPU.Build.0 = Release|Any CPU
		{CDD93860-C970-4381-A9F4-61881FAEDDA2}.Debug|Any CPU.ActiveCfg = Debug|Any CPU
		{CDD93860-C970-4381-A9F4-61881FAEDDA2}.Debug|Any CPU.Build.0 = Debug|Any CPU
		{CDD93860-C970-4381-A9F4-61881FAEDDA2}.Release|Any CPU.ActiveCfg = Release|Any CPU
		{CDD93860-C970-4381-A9F4-61881FAEDDA2}.Release|Any CPU.Build.0 = Release|Any CPU
		{34D94572-3A48-414E-BA9C-937C51E8D5B2}.Debug|Any CPU.ActiveCfg = Debug|Any CPU
		{34D94572-3A48-414E-BA9C-937C51E8D5B2}.Debug|Any CPU.Build.0 = Debug|Any CPU
		{34D94572-3A48-414E-BA9C-937C51E8D5B2}.Release|Any CPU.ActiveCfg = Release|Any CPU
		{34D94572-3A48-414E-BA9C-937C51E8D5B2}.Release|Any CPU.Build.0 = Release|Any CPU
		{8CF28B70-D49D-417A-99C5-C4D19699ED07}.Debug|Any CPU.ActiveCfg = Debug|Any CPU
		{8CF28B70-D49D-417A-99C5-C4D19699ED07}.Debug|Any CPU.Build.0 = Debug|Any CPU
		{8CF28B70-D49D-417A-99C5-C4D19699ED07}.Release|Any CPU.ActiveCfg = Release|Any CPU
		{8CF28B70-D49D-417A-99C5-C4D19699ED07}.Release|Any CPU.Build.0 = Release|Any CPU
		{4A18BB28-19F7-471D-80F5-428B4957DDE3}.Debug|Any CPU.ActiveCfg = Debug|Any CPU
		{4A18BB28-19F7-471D-80F5-428B4957DDE3}.Debug|Any CPU.Build.0 = Debug|Any CPU
		{4A18BB28-19F7-471D-80F5-428B4957DDE3}.Release|Any CPU.ActiveCfg = Release|Any CPU
		{4A18BB28-19F7-471D-80F5-428B4957DDE3}.Release|Any CPU.Build.0 = Release|Any CPU
		{BCD3DC61-9A40-4478-BCA7-DE865C8BC4C0}.Debug|Any CPU.ActiveCfg = Debug|Any CPU
		{BCD3DC61-9A40-4478-BCA7-DE865C8BC4C0}.Debug|Any CPU.Build.0 = Debug|Any CPU
		{BCD3DC61-9A40-4478-BCA7-DE865C8BC4C0}.Release|Any CPU.ActiveCfg = Release|Any CPU
		{BCD3DC61-9A40-4478-BCA7-DE865C8BC4C0}.Release|Any CPU.Build.0 = Release|Any CPU
		{9EFD014C-1CCE-4C75-A7FD-0FD51E047078}.Debug|Any CPU.ActiveCfg = Debug|Any CPU
		{9EFD014C-1CCE-4C75-A7FD-0FD51E047078}.Debug|Any CPU.Build.0 = Debug|Any CPU
		{9EFD014C-1CCE-4C75-A7FD-0FD51E047078}.Release|Any CPU.ActiveCfg = Release|Any CPU
		{9EFD014C-1CCE-4C75-A7FD-0FD51E047078}.Release|Any CPU.Build.0 = Release|Any CPU
		{9505AC65-DCF4-45E6-825F-86B786069758}.Debug|Any CPU.ActiveCfg = Debug|Any CPU
		{9505AC65-DCF4-45E6-825F-86B786069758}.Debug|Any CPU.Build.0 = Debug|Any CPU
		{9505AC65-DCF4-45E6-825F-86B786069758}.Release|Any CPU.ActiveCfg = Release|Any CPU
		{9505AC65-DCF4-45E6-825F-86B786069758}.Release|Any CPU.Build.0 = Release|Any CPU
	EndGlobalSection
	GlobalSection(SolutionProperties) = preSolution
		HideSolutionNode = FALSE
	EndGlobalSection
	GlobalSection(ExtensibilityGlobals) = postSolution
		SolutionGuid = {8449B212-2833-4221-84EE-6AEFA32A7F8A}
	EndGlobalSection
EndGlobal
